
Microsoft Visual Studio Solution File, Format Version 12.00
# Visual Studio 15
VisualStudioVersion = 15.0.26124.0
MinimumVisualStudioVersion = 15.0.26124.0
Project("{2150E333-8FDC-42A3-9474-1A3956D46DE8}") = "tests", "tests", "{31A06506-4F98-4FEF-82D8-9A2DE7D0AD46}"
EndProject
Project("{FAE04EC0-301F-11D3-BF4B-00C04F79EFBC}") = "BeerPartner.UnitTests", "tests\BeerPartner.UnitTests\BeerPartner.UnitTests.csproj", "{0DA02EC1-A80A-4B3B-8912-9E2D954B2AC6}"
EndProject
Project("{2150E333-8FDC-42A3-9474-1A3956D46DE8}") = "src", "src", "{8083C3DC-14BA-4CF6-B3FE-72E55BD33078}"
EndProject
Project("{2150E333-8FDC-42A3-9474-1A3956D46DE8}") = "Lambda", "Lambda", "{61A29775-6452-4C29-AE31-9A987AC2B84B}"
EndProject
Project("{2150E333-8FDC-42A3-9474-1A3956D46DE8}") = "Partner", "Partner", "{BAF9A178-92D0-4F52-81AB-27B16278525B}"
EndProject
Project("{FAE04EC0-301F-11D3-BF4B-00C04F79EFBC}") = "BeerPartner.Lambda.Partner.Create", "src\Lambda\Partner\BeerPartner.Lambda.Partner.Create\BeerPartner.Lambda.Partner.Create.csproj", "{406A2956-8E47-432E-909C-D1B34D0846B5}"
EndProject
Project("{FAE04EC0-301F-11D3-BF4B-00C04F79EFBC}") = "BeerPartner.Lambda.Partner.Get", "src\Lambda\Partner\BeerPartner.Lambda.Partner.Get\BeerPartner.Lambda.Partner.Get.csproj", "{C9E7F72A-7C57-4060-A2F9-23D837471CC5}"
EndProject
Project("{FAE04EC0-301F-11D3-BF4B-00C04F79EFBC}") = "BeerPartner.Lambda.Partner.Search", "src\Lambda\Partner\BeerPartner.Lambda.Partner.Search\BeerPartner.Lambda.Partner.Search.csproj", "{6926DAE8-82F3-497F-AA50-6D7A7831772C}"
EndProject
Project("{2150E333-8FDC-42A3-9474-1A3956D46DE8}") = "Application", "Application", "{BEF823D6-DBDE-432C-868A-E2C90208258E}"
EndProject
Project("{FAE04EC0-301F-11D3-BF4B-00C04F79EFBC}") = "BeerPartner.Application", "src\Application\BeerPartner.Application\BeerPartner.Application.csproj", "{23E338B3-D834-462E-BE66-E54EF72475D9}"
EndProject
Project("{2150E333-8FDC-42A3-9474-1A3956D46DE8}") = "Infrastructure", "Infrastructure", "{D661762A-FC4E-471E-B3D5-214497BE7178}"
EndProject
Project("{FAE04EC0-301F-11D3-BF4B-00C04F79EFBC}") = "BeerPartner.Infrastructure", "src\Infrastructure\BeerPartner.Infrastructure\BeerPartner.Infrastructure.csproj", "{0EB60CC4-7EA1-4D5C-9ED0-AC55347FEEB6}"
EndProject
Project("{FAE04EC0-301F-11D3-BF4B-00C04F79EFBC}") = "BeerPartner.Infrastructure.IoC", "src\Infrastructure\BeerPartner.Infrastructure.IoC\BeerPartner.Infrastructure.IoC.csproj", "{183B7FD3-3AF8-4A57-8CF4-62213458F2DC}"
EndProject
Project("{2150E333-8FDC-42A3-9474-1A3956D46DE8}") = "Domain", "Domain", "{1E643E00-D257-45EF-9EA4-7C83669A2DAF}"
EndProject
Project("{FAE04EC0-301F-11D3-BF4B-00C04F79EFBC}") = "BeerPartner.Domain", "src\Domain\BeerPartner.Domain\BeerPartner.Domain.csproj", "{3282EDFE-FB8B-40DA-AA37-95C24B2C08D9}"
EndProject
Global
	GlobalSection(SolutionConfigurationPlatforms) = preSolution
		Debug|Any CPU = Debug|Any CPU
		Debug|x64 = Debug|x64
		Debug|x86 = Debug|x86
		Release|Any CPU = Release|Any CPU
		Release|x64 = Release|x64
		Release|x86 = Release|x86
	EndGlobalSection
	GlobalSection(SolutionProperties) = preSolution
		HideSolutionNode = FALSE
	EndGlobalSection
	GlobalSection(ProjectConfigurationPlatforms) = postSolution
		{0DA02EC1-A80A-4B3B-8912-9E2D954B2AC6}.Debug|Any CPU.ActiveCfg = Debug|Any CPU
		{0DA02EC1-A80A-4B3B-8912-9E2D954B2AC6}.Debug|Any CPU.Build.0 = Debug|Any CPU
		{0DA02EC1-A80A-4B3B-8912-9E2D954B2AC6}.Debug|x64.ActiveCfg = Debug|Any CPU
		{0DA02EC1-A80A-4B3B-8912-9E2D954B2AC6}.Debug|x64.Build.0 = Debug|Any CPU
		{0DA02EC1-A80A-4B3B-8912-9E2D954B2AC6}.Debug|x86.ActiveCfg = Debug|Any CPU
		{0DA02EC1-A80A-4B3B-8912-9E2D954B2AC6}.Debug|x86.Build.0 = Debug|Any CPU
		{0DA02EC1-A80A-4B3B-8912-9E2D954B2AC6}.Release|Any CPU.ActiveCfg = Release|Any CPU
		{0DA02EC1-A80A-4B3B-8912-9E2D954B2AC6}.Release|Any CPU.Build.0 = Release|Any CPU
		{0DA02EC1-A80A-4B3B-8912-9E2D954B2AC6}.Release|x64.ActiveCfg = Release|Any CPU
		{0DA02EC1-A80A-4B3B-8912-9E2D954B2AC6}.Release|x64.Build.0 = Release|Any CPU
		{0DA02EC1-A80A-4B3B-8912-9E2D954B2AC6}.Release|x86.ActiveCfg = Release|Any CPU
		{0DA02EC1-A80A-4B3B-8912-9E2D954B2AC6}.Release|x86.Build.0 = Release|Any CPU
		{406A2956-8E47-432E-909C-D1B34D0846B5}.Debug|Any CPU.ActiveCfg = Debug|Any CPU
		{406A2956-8E47-432E-909C-D1B34D0846B5}.Debug|Any CPU.Build.0 = Debug|Any CPU
		{406A2956-8E47-432E-909C-D1B34D0846B5}.Debug|x64.ActiveCfg = Debug|Any CPU
		{406A2956-8E47-432E-909C-D1B34D0846B5}.Debug|x64.Build.0 = Debug|Any CPU
		{406A2956-8E47-432E-909C-D1B34D0846B5}.Debug|x86.ActiveCfg = Debug|Any CPU
		{406A2956-8E47-432E-909C-D1B34D0846B5}.Debug|x86.Build.0 = Debug|Any CPU
		{406A2956-8E47-432E-909C-D1B34D0846B5}.Release|Any CPU.ActiveCfg = Release|Any CPU
		{406A2956-8E47-432E-909C-D1B34D0846B5}.Release|Any CPU.Build.0 = Release|Any CPU
		{406A2956-8E47-432E-909C-D1B34D0846B5}.Release|x64.ActiveCfg = Release|Any CPU
		{406A2956-8E47-432E-909C-D1B34D0846B5}.Release|x64.Build.0 = Release|Any CPU
		{406A2956-8E47-432E-909C-D1B34D0846B5}.Release|x86.ActiveCfg = Release|Any CPU
		{406A2956-8E47-432E-909C-D1B34D0846B5}.Release|x86.Build.0 = Release|Any CPU
		{C9E7F72A-7C57-4060-A2F9-23D837471CC5}.Debug|Any CPU.ActiveCfg = Debug|Any CPU
		{C9E7F72A-7C57-4060-A2F9-23D837471CC5}.Debug|Any CPU.Build.0 = Debug|Any CPU
		{C9E7F72A-7C57-4060-A2F9-23D837471CC5}.Debug|x64.ActiveCfg = Debug|Any CPU
		{C9E7F72A-7C57-4060-A2F9-23D837471CC5}.Debug|x64.Build.0 = Debug|Any CPU
		{C9E7F72A-7C57-4060-A2F9-23D837471CC5}.Debug|x86.ActiveCfg = Debug|Any CPU
		{C9E7F72A-7C57-4060-A2F9-23D837471CC5}.Debug|x86.Build.0 = Debug|Any CPU
		{C9E7F72A-7C57-4060-A2F9-23D837471CC5}.Release|Any CPU.ActiveCfg = Release|Any CPU
		{C9E7F72A-7C57-4060-A2F9-23D837471CC5}.Release|Any CPU.Build.0 = Release|Any CPU
		{C9E7F72A-7C57-4060-A2F9-23D837471CC5}.Release|x64.ActiveCfg = Release|Any CPU
		{C9E7F72A-7C57-4060-A2F9-23D837471CC5}.Release|x64.Build.0 = Release|Any CPU
		{C9E7F72A-7C57-4060-A2F9-23D837471CC5}.Release|x86.ActiveCfg = Release|Any CPU
		{C9E7F72A-7C57-4060-A2F9-23D837471CC5}.Release|x86.Build.0 = Release|Any CPU
		{6926DAE8-82F3-497F-AA50-6D7A7831772C}.Debug|Any CPU.ActiveCfg = Debug|Any CPU
		{6926DAE8-82F3-497F-AA50-6D7A7831772C}.Debug|Any CPU.Build.0 = Debug|Any CPU
		{6926DAE8-82F3-497F-AA50-6D7A7831772C}.Debug|x64.ActiveCfg = Debug|Any CPU
		{6926DAE8-82F3-497F-AA50-6D7A7831772C}.Debug|x64.Build.0 = Debug|Any CPU
		{6926DAE8-82F3-497F-AA50-6D7A7831772C}.Debug|x86.ActiveCfg = Debug|Any CPU
		{6926DAE8-82F3-497F-AA50-6D7A7831772C}.Debug|x86.Build.0 = Debug|Any CPU
		{6926DAE8-82F3-497F-AA50-6D7A7831772C}.Release|Any CPU.ActiveCfg = Release|Any CPU
		{6926DAE8-82F3-497F-AA50-6D7A7831772C}.Release|Any CPU.Build.0 = Release|Any CPU
		{6926DAE8-82F3-497F-AA50-6D7A7831772C}.Release|x64.ActiveCfg = Release|Any CPU
		{6926DAE8-82F3-497F-AA50-6D7A7831772C}.Release|x64.Build.0 = Release|Any CPU
		{6926DAE8-82F3-497F-AA50-6D7A7831772C}.Release|x86.ActiveCfg = Release|Any CPU
		{6926DAE8-82F3-497F-AA50-6D7A7831772C}.Release|x86.Build.0 = Release|Any CPU
		{23E338B3-D834-462E-BE66-E54EF72475D9}.Debug|Any CPU.ActiveCfg = Debug|Any CPU
		{23E338B3-D834-462E-BE66-E54EF72475D9}.Debug|Any CPU.Build.0 = Debug|Any CPU
		{23E338B3-D834-462E-BE66-E54EF72475D9}.Debug|x64.ActiveCfg = Debug|Any CPU
		{23E338B3-D834-462E-BE66-E54EF72475D9}.Debug|x64.Build.0 = Debug|Any CPU
		{23E338B3-D834-462E-BE66-E54EF72475D9}.Debug|x86.ActiveCfg = Debug|Any CPU
		{23E338B3-D834-462E-BE66-E54EF72475D9}.Debug|x86.Build.0 = Debug|Any CPU
		{23E338B3-D834-462E-BE66-E54EF72475D9}.Release|Any CPU.ActiveCfg = Release|Any CPU
		{23E338B3-D834-462E-BE66-E54EF72475D9}.Release|Any CPU.Build.0 = Release|Any CPU
		{23E338B3-D834-462E-BE66-E54EF72475D9}.Release|x64.ActiveCfg = Release|Any CPU
		{23E338B3-D834-462E-BE66-E54EF72475D9}.Release|x64.Build.0 = Release|Any CPU
		{23E338B3-D834-462E-BE66-E54EF72475D9}.Release|x86.ActiveCfg = Release|Any CPU
		{23E338B3-D834-462E-BE66-E54EF72475D9}.Release|x86.Build.0 = Release|Any CPU
		{0EB60CC4-7EA1-4D5C-9ED0-AC55347FEEB6}.Debug|Any CPU.ActiveCfg = Debug|Any CPU
		{0EB60CC4-7EA1-4D5C-9ED0-AC55347FEEB6}.Debug|Any CPU.Build.0 = Debug|Any CPU
		{0EB60CC4-7EA1-4D5C-9ED0-AC55347FEEB6}.Debug|x64.ActiveCfg = Debug|Any CPU
		{0EB60CC4-7EA1-4D5C-9ED0-AC55347FEEB6}.Debug|x64.Build.0 = Debug|Any CPU
		{0EB60CC4-7EA1-4D5C-9ED0-AC55347FEEB6}.Debug|x86.ActiveCfg = Debug|Any CPU
		{0EB60CC4-7EA1-4D5C-9ED0-AC55347FEEB6}.Debug|x86.Build.0 = Debug|Any CPU
		{0EB60CC4-7EA1-4D5C-9ED0-AC55347FEEB6}.Release|Any CPU.ActiveCfg = Release|Any CPU
		{0EB60CC4-7EA1-4D5C-9ED0-AC55347FEEB6}.Release|Any CPU.Build.0 = Release|Any CPU
		{0EB60CC4-7EA1-4D5C-9ED0-AC55347FEEB6}.Release|x64.ActiveCfg = Release|Any CPU
		{0EB60CC4-7EA1-4D5C-9ED0-AC55347FEEB6}.Release|x64.Build.0 = Release|Any CPU
		{0EB60CC4-7EA1-4D5C-9ED0-AC55347FEEB6}.Release|x86.ActiveCfg = Release|Any CPU
		{0EB60CC4-7EA1-4D5C-9ED0-AC55347FEEB6}.Release|x86.Build.0 = Release|Any CPU
		{183B7FD3-3AF8-4A57-8CF4-62213458F2DC}.Debug|Any CPU.ActiveCfg = Debug|Any CPU
		{183B7FD3-3AF8-4A57-8CF4-62213458F2DC}.Debug|Any CPU.Build.0 = Debug|Any CPU
		{183B7FD3-3AF8-4A57-8CF4-62213458F2DC}.Debug|x64.ActiveCfg = Debug|Any CPU
		{183B7FD3-3AF8-4A57-8CF4-62213458F2DC}.Debug|x64.Build.0 = Debug|Any CPU
		{183B7FD3-3AF8-4A57-8CF4-62213458F2DC}.Debug|x86.ActiveCfg = Debug|Any CPU
		{183B7FD3-3AF8-4A57-8CF4-62213458F2DC}.Debug|x86.Build.0 = Debug|Any CPU
		{183B7FD3-3AF8-4A57-8CF4-62213458F2DC}.Release|Any CPU.ActiveCfg = Release|Any CPU
		{183B7FD3-3AF8-4A57-8CF4-62213458F2DC}.Release|Any CPU.Build.0 = Release|Any CPU
		{183B7FD3-3AF8-4A57-8CF4-62213458F2DC}.Release|x64.ActiveCfg = Release|Any CPU
		{183B7FD3-3AF8-4A57-8CF4-62213458F2DC}.Release|x64.Build.0 = Release|Any CPU
		{183B7FD3-3AF8-4A57-8CF4-62213458F2DC}.Release|x86.ActiveCfg = Release|Any CPU
		{183B7FD3-3AF8-4A57-8CF4-62213458F2DC}.Release|x86.Build.0 = Release|Any CPU
		{3282EDFE-FB8B-40DA-AA37-95C24B2C08D9}.Debug|Any CPU.ActiveCfg = Debug|Any CPU
		{3282EDFE-FB8B-40DA-AA37-95C24B2C08D9}.Debug|Any CPU.Build.0 = Debug|Any CPU
		{3282EDFE-FB8B-40DA-AA37-95C24B2C08D9}.Debug|x64.ActiveCfg = Debug|Any CPU
		{3282EDFE-FB8B-40DA-AA37-95C24B2C08D9}.Debug|x64.Build.0 = Debug|Any CPU
		{3282EDFE-FB8B-40DA-AA37-95C24B2C08D9}.Debug|x86.ActiveCfg = Debug|Any CPU
		{3282EDFE-FB8B-40DA-AA37-95C24B2C08D9}.Debug|x86.Build.0 = Debug|Any CPU
		{3282EDFE-FB8B-40DA-AA37-95C24B2C08D9}.Release|Any CPU.ActiveCfg = Release|Any CPU
		{3282EDFE-FB8B-40DA-AA37-95C24B2C08D9}.Release|Any CPU.Build.0 = Release|Any CPU
		{3282EDFE-FB8B-40DA-AA37-95C24B2C08D9}.Release|x64.ActiveCfg = Release|Any CPU
		{3282EDFE-FB8B-40DA-AA37-95C24B2C08D9}.Release|x64.Build.0 = Release|Any CPU
		{3282EDFE-FB8B-40DA-AA37-95C24B2C08D9}.Release|x86.ActiveCfg = Release|Any CPU
		{3282EDFE-FB8B-40DA-AA37-95C24B2C08D9}.Release|x86.Build.0 = Release|Any CPU
	EndGlobalSection
	GlobalSection(NestedProjects) = preSolution
		{0DA02EC1-A80A-4B3B-8912-9E2D954B2AC6} = {31A06506-4F98-4FEF-82D8-9A2DE7D0AD46}
		{61A29775-6452-4C29-AE31-9A987AC2B84B} = {8083C3DC-14BA-4CF6-B3FE-72E55BD33078}
		{BAF9A178-92D0-4F52-81AB-27B16278525B} = {61A29775-6452-4C29-AE31-9A987AC2B84B}
		{406A2956-8E47-432E-909C-D1B34D0846B5} = {BAF9A178-92D0-4F52-81AB-27B16278525B}
		{C9E7F72A-7C57-4060-A2F9-23D837471CC5} = {BAF9A178-92D0-4F52-81AB-27B16278525B}
		{6926DAE8-82F3-497F-AA50-6D7A7831772C} = {BAF9A178-92D0-4F52-81AB-27B16278525B}
		{BEF823D6-DBDE-432C-868A-E2C90208258E} = {8083C3DC-14BA-4CF6-B3FE-72E55BD33078}
		{23E338B3-D834-462E-BE66-E54EF72475D9} = {BEF823D6-DBDE-432C-868A-E2C90208258E}
		{D661762A-FC4E-471E-B3D5-214497BE7178} = {8083C3DC-14BA-4CF6-B3FE-72E55BD33078}
		{0EB60CC4-7EA1-4D5C-9ED0-AC55347FEEB6} = {D661762A-FC4E-471E-B3D5-214497BE7178}
		{183B7FD3-3AF8-4A57-8CF4-62213458F2DC} = {D661762A-FC4E-471E-B3D5-214497BE7178}
		{1E643E00-D257-45EF-9EA4-7C83669A2DAF} = {8083C3DC-14BA-4CF6-B3FE-72E55BD33078}
		{3282EDFE-FB8B-40DA-AA37-95C24B2C08D9} = {1E643E00-D257-45EF-9EA4-7C83669A2DAF}
	EndGlobalSection
EndGlobal
